# THIS IS AN AUTOGENERATED FILE. DO NOT EDIT THIS FILE DIRECTLY.
# yarn lockfile v1


es6-promise@^4.2.5:
  version "4.2.5"
  resolved "http://registry.npm.taobao.org/es6-promise/download/es6-promise-4.2.5.tgz#da6d0d5692efb461e082c14817fe2427d8f5d054"

typescript@^3.1.6:
  version "3.1.6"
  resolved "https://registry.yarnpkg.com/typescript/-/typescript-3.1.6.tgz#b6543a83cfc8c2befb3f4c8fba6896f5b0c9be68"
